
Microsoft Visual Studio Solution File, Format Version 12.00
# Visual Studio 15
VisualStudioVersion = 15.0.26730.16
MinimumVisualStudioVersion = 10.0.40219.1
Project("{FAE04EC0-301F-11D3-BF4B-00C04F79EFBC}") = "DroneLander.Android", "DroneLander\DroneLander.Android\DroneLander.Android.csproj", "{C8E50715-AA8C-4ACB-B224-30876A8A6495}"
EndProject
Project("{FAE04EC0-301F-11D3-BF4B-00C04F79EFBC}") = "DroneLander", "DroneLander\DroneLander\DroneLander.csproj", "{AF5B018A-9004-4E61-AF9B-D7EE385BAFEF}"
EndProject
Project("{FAE04EC0-301F-11D3-BF4B-00C04F79EFBC}") = "DroneLander.UWP", "DroneLander\DroneLander.UWP\DroneLander.UWP.csproj", "{C8BF03A4-C38B-4D93-BD07-601D963A87F7}"
EndProject
Project("{FAE04EC0-301F-11D3-BF4B-00C04F79EFBC}") = "DroneLander.iOS", "DroneLander\DroneLander.iOS\DroneLander.iOS.csproj", "{4A2407F3-B080-4CEF-B7EA-CDBA0CFF875B}"
EndProject
Global
	GlobalSection(SolutionConfigurationPlatforms) = preSolution
		Ad-Hoc|Any CPU = Ad-Hoc|Any CPU
		Ad-Hoc|ARM = Ad-Hoc|ARM
		Ad-Hoc|iPhone = Ad-Hoc|iPhone
		Ad-Hoc|iPhoneSimulator = Ad-Hoc|iPhoneSimulator
		Ad-Hoc|x64 = Ad-Hoc|x64
		Ad-Hoc|x86 = Ad-Hoc|x86
		AppStore|Any CPU = AppStore|Any CPU
		AppStore|ARM = AppStore|ARM
		AppStore|iPhone = AppStore|iPhone
		AppStore|iPhoneSimulator = AppStore|iPhoneSimulator
		AppStore|x64 = AppStore|x64
		AppStore|x86 = AppStore|x86
		Debug|Any CPU = Debug|Any CPU
		Debug|ARM = Debug|ARM
		Debug|iPhone = Debug|iPhone
		Debug|iPhoneSimulator = Debug|iPhoneSimulator
		Debug|x64 = Debug|x64
		Debug|x86 = Debug|x86
		Release|Any CPU = Release|Any CPU
		Release|ARM = Release|ARM
		Release|iPhone = Release|iPhone
		Release|iPhoneSimulator = Release|iPhoneSimulator
		Release|x64 = Release|x64
		Release|x86 = Release|x86
	EndGlobalSection
	GlobalSection(ProjectConfigurationPlatforms) = postSolution
		{C8E50715-AA8C-4ACB-B224-30876A8A6495}.Ad-Hoc|Any CPU.ActiveCfg = Release|Any CPU
		{C8E50715-AA8C-4ACB-B224-30876A8A6495}.Ad-Hoc|Any CPU.Build.0 = Release|Any CPU
		{C8E50715-AA8C-4ACB-B224-30876A8A6495}.Ad-Hoc|Any CPU.Deploy.0 = Release|Any CPU
		{C8E50715-AA8C-4ACB-B224-30876A8A6495}.Ad-Hoc|ARM.ActiveCfg = Release|Any CPU
		{C8E50715-AA8C-4ACB-B224-30876A8A6495}.Ad-Hoc|ARM.Build.0 = Release|Any CPU
		{C8E50715-AA8C-4ACB-B224-30876A8A6495}.Ad-Hoc|ARM.Deploy.0 = Release|Any CPU
		{C8E50715-AA8C-4ACB-B224-30876A8A6495}.Ad-Hoc|iPhone.ActiveCfg = Release|Any CPU
		{C8E50715-AA8C-4ACB-B224-30876A8A6495}.Ad-Hoc|iPhone.Build.0 = Release|Any CPU
		{C8E50715-AA8C-4ACB-B224-30876A8A6495}.Ad-Hoc|iPhone.Deploy.0 = Release|Any CPU
		{C8E50715-AA8C-4ACB-B224-30876A8A6495}.Ad-Hoc|iPhoneSimulator.ActiveCfg = Release|Any CPU
		{C8E50715-AA8C-4ACB-B224-30876A8A6495}.Ad-Hoc|iPhoneSimulator.Build.0 = Release|Any CPU
		{C8E50715-AA8C-4ACB-B224-30876A8A6495}.Ad-Hoc|iPhoneSimulator.Deploy.0 = Release|Any CPU
		{C8E50715-AA8C-4ACB-B224-30876A8A6495}.Ad-Hoc|x64.ActiveCfg = Release|Any CPU
		{C8E50715-AA8C-4ACB-B224-30876A8A6495}.Ad-Hoc|x64.Build.0 = Release|Any CPU
		{C8E50715-AA8C-4ACB-B224-30876A8A6495}.Ad-Hoc|x64.Deploy.0 = Release|Any CPU
		{C8E50715-AA8C-4ACB-B224-30876A8A6495}.Ad-Hoc|x86.ActiveCfg = Release|Any CPU
		{C8E50715-AA8C-4ACB-B224-30876A8A6495}.Ad-Hoc|x86.Build.0 = Release|Any CPU
		{C8E50715-AA8C-4ACB-B224-30876A8A6495}.Ad-Hoc|x86.Deploy.0 = Release|Any CPU
		{C8E50715-AA8C-4ACB-B224-30876A8A6495}.AppStore|Any CPU.ActiveCfg = Release|Any CPU
		{C8E50715-AA8C-4ACB-B224-30876A8A6495}.AppStore|Any CPU.Build.0 = Release|Any CPU
		{C8E50715-AA8C-4ACB-B224-30876A8A6495}.AppStore|Any CPU.Deploy.0 = Release|Any CPU
		{C8E50715-AA8C-4ACB-B224-30876A8A6495}.AppStore|ARM.ActiveCfg = Release|Any CPU
		{C8E50715-AA8C-4ACB-B224-30876A8A6495}.AppStore|ARM.Build.0 = Release|Any CPU
		{C8E50715-AA8C-4ACB-B224-30876A8A6495}.AppStore|ARM.Deploy.0 = Release|Any CPU
		{C8E50715-AA8C-4ACB-B224-30876A8A6495}.AppStore|iPhone.ActiveCfg = Release|Any CPU
		{C8E50715-AA8C-4ACB-B224-30876A8A6495}.AppStore|iPhone.Build.0 = Release|Any CPU
		{C8E50715-AA8C-4ACB-B224-30876A8A6495}.AppStore|iPhone.Deploy.0 = Release|Any CPU
		{C8E50715-AA8C-4ACB-B224-30876A8A6495}.AppStore|iPhoneSimulator.ActiveCfg = Release|Any CPU
		{C8E50715-AA8C-4ACB-B224-30876A8A6495}.AppStore|iPhoneSimulator.Build.0 = Release|Any CPU
		{C8E50715-AA8C-4ACB-B224-30876A8A6495}.AppStore|iPhoneSimulator.Deploy.0 = Release|Any CPU
		{C8E50715-AA8C-4ACB-B224-30876A8A6495}.AppStore|x64.ActiveCfg = Release|Any CPU
		{C8E50715-AA8C-4ACB-B224-30876A8A6495}.AppStore|x64.Build.0 = Release|Any CPU
		{C8E50715-AA8C-4ACB-B224-30876A8A6495}.AppStore|x64.Deploy.0 = Release|Any CPU
		{C8E50715-AA8C-4ACB-B224-30876A8A6495}.AppStore|x86.ActiveCfg = Release|Any CPU
		{C8E50715-AA8C-4ACB-B224-30876A8A6495}.AppStore|x86.Build.0 = Release|Any CPU
		{C8E50715-AA8C-4ACB-B224-30876A8A6495}.AppStore|x86.Deploy.0 = Release|Any CPU
		{C8E50715-AA8C-4ACB-B224-30876A8A6495}.Debug|Any CPU.ActiveCfg = Debug|Any CPU
		{C8E50715-AA8C-4ACB-B224-30876A8A6495}.Debug|Any CPU.Build.0 = Debug|Any CPU
		{C8E50715-AA8C-4ACB-B224-30876A8A6495}.Debug|Any CPU.Deploy.0 = Debug|Any CPU
		{C8E50715-AA8C-4ACB-B224-30876A8A6495}.Debug|ARM.ActiveCfg = Debug|Any CPU
		{C8E50715-AA8C-4ACB-B224-30876A8A6495}.Debug|ARM.Build.0 = Debug|Any CPU
		{C8E50715-AA8C-4ACB-B224-30876A8A6495}.Debug|ARM.Deploy.0 = Debug|Any CPU
		{C8E50715-AA8C-4ACB-B224-30876A8A6495}.Debug|iPhone.ActiveCfg = Debug|Any CPU
		{C8E50715-AA8C-4ACB-B224-30876A8A6495}.Debug|iPhone.Build.0 = Debug|Any CPU
		{C8E50715-AA8C-4ACB-B224-30876A8A6495}.Debug|iPhone.Deploy.0 = Debug|Any CPU
		{C8E50715-AA8C-4ACB-B224-30876A8A6495}.Debug|iPhoneSimulator.ActiveCfg = Debug|Any CPU
		{C8E50715-AA8C-4ACB-B224-30876A8A6495}.Debug|iPhoneSimulator.Build.0 = Debug|Any CPU
		{C8E50715-AA8C-4ACB-B224-30876A8A6495}.Debug|iPhoneSimulator.Deploy.0 = Debug|Any CPU
		{C8E50715-AA8C-4ACB-B224-30876A8A6495}.Debug|x64.ActiveCfg = Debug|Any CPU
		{C8E50715-AA8C-4ACB-B224-30876A8A6495}.Debug|x64.Build.0 = Debug|Any CPU
		{C8E50715-AA8C-4ACB-B224-30876A8A6495}.Debug|x64.Deploy.0 = Debug|Any CPU
		{C8E50715-AA8C-4ACB-B224-30876A8A6495}.Debug|x86.ActiveCfg = Debug|Any CPU
		{C8E50715-AA8C-4ACB-B224-30876A8A6495}.Debug|x86.Build.0 = Debug|Any CPU
		{C8E50715-AA8C-4ACB-B224-30876A8A6495}.Debug|x86.Deploy.0 = Debug|Any CPU
		{C8E50715-AA8C-4ACB-B224-30876A8A6495}.Release|Any CPU.ActiveCfg = Release|Any CPU
		{C8E50715-AA8C-4ACB-B224-30876A8A6495}.Release|Any CPU.Build.0 = Release|Any CPU
		{C8E50715-AA8C-4ACB-B224-30876A8A6495}.Release|Any CPU.Deploy.0 = Release|Any CPU
		{C8E50715-AA8C-4ACB-B224-30876A8A6495}.Release|ARM.ActiveCfg = Release|Any CPU
		{C8E50715-AA8C-4ACB-B224-30876A8A6495}.Release|ARM.Build.0 = Release|Any CPU
		{C8E50715-AA8C-4ACB-B224-30876A8A6495}.Release|ARM.Deploy.0 = Release|Any CPU
		{C8E50715-AA8C-4ACB-B224-30876A8A6495}.Release|iPhone.ActiveCfg = Release|Any CPU
		{C8E50715-AA8C-4ACB-B224-30876A8A6495}.Release|iPhone.Build.0 = Release|Any CPU
		{C8E50715-AA8C-4ACB-B224-30876A8A6495}.Release|iPhone.Deploy.0 = Release|Any CPU
		{C8E50715-AA8C-4ACB-B224-30876A8A6495}.Release|iPhoneSimulator.ActiveCfg = Release|Any CPU
		{C8E50715-AA8C-4ACB-B224-30876A8A6495}.Release|iPhoneSimulator.Build.0 = Release|Any CPU
		{C8E50715-AA8C-4ACB-B224-30876A8A6495}.Release|iPhoneSimulator.Deploy.0 = Release|Any CPU
		{C8E50715-AA8C-4ACB-B224-30876A8A6495}.Release|x64.ActiveCfg = Release|Any CPU
		{C8E50715-AA8C-4ACB-B224-30876A8A6495}.Release|x64.Build.0 = Release|Any CPU
		{C8E50715-AA8C-4ACB-B224-30876A8A6495}.Release|x64.Deploy.0 = Release|Any CPU
		{C8E50715-AA8C-4ACB-B224-30876A8A6495}.Release|x86.ActiveCfg = Release|Any CPU
		{C8E50715-AA8C-4ACB-B224-30876A8A6495}.Release|x86.Build.0 = Release|Any CPU
		{C8E50715-AA8C-4ACB-B224-30876A8A6495}.Release|x86.Deploy.0 = Release|Any CPU
		{AF5B018A-9004-4E61-AF9B-D7EE385BAFEF}.Ad-Hoc|Any CPU.ActiveCfg = Release|Any CPU
		{AF5B018A-9004-4E61-AF9B-D7EE385BAFEF}.Ad-Hoc|Any CPU.Build.0 = Release|Any CPU
		{AF5B018A-9004-4E61-AF9B-D7EE385BAFEF}.Ad-Hoc|ARM.ActiveCfg = Release|Any CPU
		{AF5B018A-9004-4E61-AF9B-D7EE385BAFEF}.Ad-Hoc|ARM.Build.0 = Release|Any CPU
		{AF5B018A-9004-4E61-AF9B-D7EE385BAFEF}.Ad-Hoc|iPhone.ActiveCfg = Release|Any CPU
		{AF5B018A-9004-4E61-AF9B-D7EE385BAFEF}.Ad-Hoc|iPhone.Build.0 = Release|Any CPU
		{AF5B018A-9004-4E61-AF9B-D7EE385BAFEF}.Ad-Hoc|iPhoneSimulator.ActiveCfg = Release|Any CPU
		{AF5B018A-9004-4E61-AF9B-D7EE385BAFEF}.Ad-Hoc|iPhoneSimulator.Build.0 = Release|Any CPU
		{AF5B018A-9004-4E61-AF9B-D7EE385BAFEF}.Ad-Hoc|x64.ActiveCfg = Release|Any CPU
		{AF5B018A-9004-4E61-AF9B-D7EE385BAFEF}.Ad-Hoc|x64.Build.0 = Release|Any CPU
		{AF5B018A-9004-4E61-AF9B-D7EE385BAFEF}.Ad-Hoc|x86.ActiveCfg = Release|Any CPU
		{AF5B018A-9004-4E61-AF9B-D7EE385BAFEF}.Ad-Hoc|x86.Build.0 = Release|Any CPU
		{AF5B018A-9004-4E61-AF9B-D7EE385BAFEF}.AppStore|Any CPU.ActiveCfg = Release|Any CPU
		{AF5B018A-9004-4E61-AF9B-D7EE385BAFEF}.AppStore|Any CPU.Build.0 = Release|Any CPU
		{AF5B018A-9004-4E61-AF9B-D7EE385BAFEF}.AppStore|ARM.ActiveCfg = Release|Any CPU
		{AF5B018A-9004-4E61-AF9B-D7EE385BAFEF}.AppStore|ARM.Build.0 = Release|Any CPU
		{AF5B018A-9004-4E61-AF9B-D7EE385BAFEF}.AppStore|iPhone.ActiveCfg = Release|Any CPU
		{AF5B018A-9004-4E61-AF9B-D7EE385BAFEF}.AppStore|iPhone.Build.0 = Release|Any CPU
		{AF5B018A-9004-4E61-AF9B-D7EE385BAFEF}.AppStore|iPhoneSimulator.ActiveCfg = Release|Any CPU
		{AF5B018A-9004-4E61-AF9B-D7EE385BAFEF}.AppStore|iPhoneSimulator.Build.0 = Release|Any CPU
		{AF5B018A-9004-4E61-AF9B-D7EE385BAFEF}.AppStore|x64.ActiveCfg = Release|Any CPU
		{AF5B018A-9004-4E61-AF9B-D7EE385BAFEF}.AppStore|x64.Build.0 = Release|Any CPU
		{AF5B018A-9004-4E61-AF9B-D7EE385BAFEF}.AppStore|x86.ActiveCfg = Release|Any CPU
		{AF5B018A-9004-4E61-AF9B-D7EE385BAFEF}.AppStore|x86.Build.0 = Release|Any CPU
		{AF5B018A-9004-4E61-AF9B-D7EE385BAFEF}.Debug|Any CPU.ActiveCfg = Debug|Any CPU
		{AF5B018A-9004-4E61-AF9B-D7EE385BAFEF}.Debug|Any CPU.Build.0 = Debug|Any CPU
		{AF5B018A-9004-4E61-AF9B-D7EE385BAFEF}.Debug|ARM.ActiveCfg = Debug|Any CPU
		{AF5B018A-9004-4E61-AF9B-D7EE385BAFEF}.Debug|ARM.Build.0 = Debug|Any CPU
		{AF5B018A-9004-4E61-AF9B-D7EE385BAFEF}.Debug|iPhone.ActiveCfg = Debug|Any CPU
		{AF5B018A-9004-4E61-AF9B-D7EE385BAFEF}.Debug|iPhone.Build.0 = Debug|Any CPU
		{AF5B018A-9004-4E61-AF9B-D7EE385BAFEF}.Debug|iPhoneSimulator.ActiveCfg = Debug|Any CPU
		{AF5B018A-9004-4E61-AF9B-D7EE385BAFEF}.Debug|iPhoneSimulator.Build.0 = Debug|Any CPU
		{AF5B018A-9004-4E61-AF9B-D7EE385BAFEF}.Debug|x64.ActiveCfg = Debug|Any CPU
		{AF5B018A-9004-4E61-AF9B-D7EE385BAFEF}.Debug|x64.Build.0 = Debug|Any CPU
		{AF5B018A-9004-4E61-AF9B-D7EE385BAFEF}.Debug|x86.ActiveCfg = Debug|Any CPU
		{AF5B018A-9004-4E61-AF9B-D7EE385BAFEF}.Debug|x86.Build.0 = Debug|Any CPU
		{AF5B018A-9004-4E61-AF9B-D7EE385BAFEF}.Release|Any CPU.ActiveCfg = Release|Any CPU
		{AF5B018A-9004-4E61-AF9B-D7EE385BAFEF}.Release|Any CPU.Build.0 = Release|Any CPU
		{AF5B018A-9004-4E61-AF9B-D7EE385BAFEF}.Release|ARM.ActiveCfg = Release|Any CPU
		{AF5B018A-9004-4E61-AF9B-D7EE385BAFEF}.Release|ARM.Build.0 = Release|Any CPU
		{AF5B018A-9004-4E61-AF9B-D7EE385BAFEF}.Release|iPhone.ActiveCfg = Release|Any CPU
		{AF5B018A-9004-4E61-AF9B-D7EE385BAFEF}.Release|iPhone.Build.0 = Release|Any CPU
		{AF5B018A-9004-4E61-AF9B-D7EE385BAFEF}.Release|iPhoneSimulator.ActiveCfg = Release|Any CPU
		{AF5B018A-9004-4E61-AF9B-D7EE385BAFEF}.Release|iPhoneSimulator.Build.0 = Release|Any CPU
		{AF5B018A-9004-4E61-AF9B-D7EE385BAFEF}.Release|x64.ActiveCfg = Release|Any CPU
		{AF5B018A-9004-4E61-AF9B-D7EE385BAFEF}.Release|x64.Build.0 = Release|Any CPU
		{AF5B018A-9004-4E61-AF9B-D7EE385BAFEF}.Release|x86.ActiveCfg = Release|Any CPU
		{AF5B018A-9004-4E61-AF9B-D7EE385BAFEF}.Release|x86.Build.0 = Release|Any CPU
		{C8BF03A4-C38B-4D93-BD07-601D963A87F7}.Ad-Hoc|Any CPU.ActiveCfg = Release|x86
		{C8BF03A4-C38B-4D93-BD07-601D963A87F7}.Ad-Hoc|Any CPU.Build.0 = Release|x86
		{C8BF03A4-C38B-4D93-BD07-601D963A87F7}.Ad-Hoc|Any CPU.Deploy.0 = Release|x86
		{C8BF03A4-C38B-4D93-BD07-601D963A87F7}.Ad-Hoc|ARM.ActiveCfg = Release|ARM
		{C8BF03A4-C38B-4D93-BD07-601D963A87F7}.Ad-Hoc|ARM.Build.0 = Release|ARM
		{C8BF03A4-C38B-4D93-BD07-601D963A87F7}.Ad-Hoc|ARM.Deploy.0 = Release|ARM
		{C8BF03A4-C38B-4D93-BD07-601D963A87F7}.Ad-Hoc|iPhone.ActiveCfg = Release|x86
		{C8BF03A4-C38B-4D93-BD07-601D963A87F7}.Ad-Hoc|iPhone.Build.0 = Release|x86
		{C8BF03A4-C38B-4D93-BD07-601D963A87F7}.Ad-Hoc|iPhone.Deploy.0 = Release|x86
		{C8BF03A4-C38B-4D93-BD07-601D963A87F7}.Ad-Hoc|iPhoneSimulator.ActiveCfg = Release|x86
		{C8BF03A4-C38B-4D93-BD07-601D963A87F7}.Ad-Hoc|iPhoneSimulator.Build.0 = Release|x86
		{C8BF03A4-C38B-4D93-BD07-601D963A87F7}.Ad-Hoc|iPhoneSimulator.Deploy.0 = Release|x86
		{C8BF03A4-C38B-4D93-BD07-601D963A87F7}.Ad-Hoc|x64.ActiveCfg = Release|x64
		{C8BF03A4-C38B-4D93-BD07-601D963A87F7}.Ad-Hoc|x64.Build.0 = Release|x64
		{C8BF03A4-C38B-4D93-BD07-601D963A87F7}.Ad-Hoc|x64.Deploy.0 = Release|x64
		{C8BF03A4-C38B-4D93-BD07-601D963A87F7}.Ad-Hoc|x86.ActiveCfg = Release|x86
		{C8BF03A4-C38B-4D93-BD07-601D963A87F7}.Ad-Hoc|x86.Build.0 = Release|x86
		{C8BF03A4-C38B-4D93-BD07-601D963A87F7}.Ad-Hoc|x86.Deploy.0 = Release|x86
		{C8BF03A4-C38B-4D93-BD07-601D963A87F7}.AppStore|Any CPU.ActiveCfg = Release|x86
		{C8BF03A4-C38B-4D93-BD07-601D963A87F7}.AppStore|Any CPU.Build.0 = Release|x86
		{C8BF03A4-C38B-4D93-BD07-601D963A87F7}.AppStore|Any CPU.Deploy.0 = Release|x86
		{C8BF03A4-C38B-4D93-BD07-601D963A87F7}.AppStore|ARM.ActiveCfg = Release|ARM
		{C8BF03A4-C38B-4D93-BD07-601D963A87F7}.AppStore|ARM.Build.0 = Release|ARM
		{C8BF03A4-C38B-4D93-BD07-601D963A87F7}.AppStore|ARM.Deploy.0 = Release|ARM
		{C8BF03A4-C38B-4D93-BD07-601D963A87F7}.AppStore|iPhone.ActiveCfg = Release|x86
		{C8BF03A4-C38B-4D93-BD07-601D963A87F7}.AppStore|iPhone.Build.0 = Release|x86
		{C8BF03A4-C38B-4D93-BD07-601D963A87F7}.AppStore|iPhone.Deploy.0 = Release|x86
		{C8BF03A4-C38B-4D93-BD07-601D963A87F7}.AppStore|iPhoneSimulator.ActiveCfg = Release|x86
		{C8BF03A4-C38B-4D93-BD07-601D963A87F7}.AppStore|iPhoneSimulator.Build.0 = Release|x86
		{C8BF03A4-C38B-4D93-BD07-601D963A87F7}.AppStore|iPhoneSimulator.Deploy.0 = Release|x86
		{C8BF03A4-C38B-4D93-BD07-601D963A87F7}.AppStore|x64.ActiveCfg = Release|x64
		{C8BF03A4-C38B-4D93-BD07-601D963A87F7}.AppStore|x64.Build.0 = Release|x64
		{C8BF03A4-C38B-4D93-BD07-601D963A87F7}.AppStore|x64.Deploy.0 = Release|x64
		{C8BF03A4-C38B-4D93-BD07-601D963A87F7}.AppStore|x86.ActiveCfg = Release|x86
		{C8BF03A4-C38B-4D93-BD07-601D963A87F7}.AppStore|x86.Build.0 = Release|x86
		{C8BF03A4-C38B-4D93-BD07-601D963A87F7}.AppStore|x86.Deploy.0 = Release|x86
		{C8BF03A4-C38B-4D93-BD07-601D963A87F7}.Debug|Any CPU.ActiveCfg = Debug|x86
		{C8BF03A4-C38B-4D93-BD07-601D963A87F7}.Debug|Any CPU.Build.0 = Debug|x86
		{C8BF03A4-C38B-4D93-BD07-601D963A87F7}.Debug|Any CPU.Deploy.0 = Debug|x86
		{C8BF03A4-C38B-4D93-BD07-601D963A87F7}.Debug|ARM.ActiveCfg = Debug|ARM
		{C8BF03A4-C38B-4D93-BD07-601D963A87F7}.Debug|ARM.Build.0 = Debug|ARM
		{C8BF03A4-C38B-4D93-BD07-601D963A87F7}.Debug|ARM.Deploy.0 = Debug|ARM
		{C8BF03A4-C38B-4D93-BD07-601D963A87F7}.Debug|iPhone.ActiveCfg = Debug|x86
		{C8BF03A4-C38B-4D93-BD07-601D963A87F7}.Debug|iPhoneSimulator.ActiveCfg = Debug|x86
		{C8BF03A4-C38B-4D93-BD07-601D963A87F7}.Debug|x64.ActiveCfg = Debug|x64
		{C8BF03A4-C38B-4D93-BD07-601D963A87F7}.Debug|x64.Build.0 = Debug|x64
		{C8BF03A4-C38B-4D93-BD07-601D963A87F7}.Debug|x64.Deploy.0 = Debug|x64
		{C8BF03A4-C38B-4D93-BD07-601D963A87F7}.Debug|x86.ActiveCfg = Debug|x86
		{C8BF03A4-C38B-4D93-BD07-601D963A87F7}.Debug|x86.Build.0 = Debug|x86
		{C8BF03A4-C38B-4D93-BD07-601D963A87F7}.Debug|x86.Deploy.0 = Debug|x86
		{C8BF03A4-C38B-4D93-BD07-601D963A87F7}.Release|Any CPU.ActiveCfg = Release|x86
		{C8BF03A4-C38B-4D93-BD07-601D963A87F7}.Release|ARM.ActiveCfg = Release|ARM
		{C8BF03A4-C38B-4D93-BD07-601D963A87F7}.Release|ARM.Build.0 = Release|ARM
		{C8BF03A4-C38B-4D93-BD07-601D963A87F7}.Release|ARM.Deploy.0 = Release|ARM
		{C8BF03A4-C38B-4D93-BD07-601D963A87F7}.Release|iPhone.ActiveCfg = Release|x86
		{C8BF03A4-C38B-4D93-BD07-601D963A87F7}.Release|iPhoneSimulator.ActiveCfg = Release|x86
		{C8BF03A4-C38B-4D93-BD07-601D963A87F7}.Release|x64.ActiveCfg = Release|x64
		{C8BF03A4-C38B-4D93-BD07-601D963A87F7}.Release|x64.Build.0 = Release|x64
		{C8BF03A4-C38B-4D93-BD07-601D963A87F7}.Release|x64.Deploy.0 = Release|x64
		{C8BF03A4-C38B-4D93-BD07-601D963A87F7}.Release|x86.ActiveCfg = Release|x86
		{C8BF03A4-C38B-4D93-BD07-601D963A87F7}.Release|x86.Build.0 = Release|x86
		{C8BF03A4-C38B-4D93-BD07-601D963A87F7}.Release|x86.Deploy.0 = Release|x86
		{4A2407F3-B080-4CEF-B7EA-CDBA0CFF875B}.Ad-Hoc|Any CPU.ActiveCfg = Ad-Hoc|iPhone
		{4A2407F3-B080-4CEF-B7EA-CDBA0CFF875B}.Ad-Hoc|ARM.ActiveCfg = Ad-Hoc|iPhone
		{4A2407F3-B080-4CEF-B7EA-CDBA0CFF875B}.Ad-Hoc|iPhone.ActiveCfg = Ad-Hoc|iPhone
		{4A2407F3-B080-4CEF-B7EA-CDBA0CFF875B}.Ad-Hoc|iPhone.Build.0 = Ad-Hoc|iPhone
		{4A2407F3-B080-4CEF-B7EA-CDBA0CFF875B}.Ad-Hoc|iPhoneSimulator.ActiveCfg = Ad-Hoc|iPhoneSimulator
		{4A2407F3-B080-4CEF-B7EA-CDBA0CFF875B}.Ad-Hoc|iPhoneSimulator.Build.0 = Ad-Hoc|iPhoneSimulator
		{4A2407F3-B080-4CEF-B7EA-CDBA0CFF875B}.Ad-Hoc|x64.ActiveCfg = Ad-Hoc|iPhone
		{4A2407F3-B080-4CEF-B7EA-CDBA0CFF875B}.Ad-Hoc|x86.ActiveCfg = Ad-Hoc|iPhone
		{4A2407F3-B080-4CEF-B7EA-CDBA0CFF875B}.AppStore|Any CPU.ActiveCfg = AppStore|iPhone
		{4A2407F3-B080-4CEF-B7EA-CDBA0CFF875B}.AppStore|ARM.ActiveCfg = AppStore|iPhone
		{4A2407F3-B080-4CEF-B7EA-CDBA0CFF875B}.AppStore|iPhone.ActiveCfg = AppStore|iPhone
		{4A2407F3-B080-4CEF-B7EA-CDBA0CFF875B}.AppStore|iPhone.Build.0 = AppStore|iPhone
		{4A2407F3-B080-4CEF-B7EA-CDBA0CFF875B}.AppStore|iPhoneSimulator.ActiveCfg = AppStore|iPhoneSimulator
		{4A2407F3-B080-4CEF-B7EA-CDBA0CFF875B}.AppStore|iPhoneSimulator.Build.0 = AppStore|iPhoneSimulator
		{4A2407F3-B080-4CEF-B7EA-CDBA0CFF875B}.AppStore|x64.ActiveCfg = AppStore|iPhone
		{4A2407F3-B080-4CEF-B7EA-CDBA0CFF875B}.AppStore|x86.ActiveCfg = AppStore|iPhone
		{4A2407F3-B080-4CEF-B7EA-CDBA0CFF875B}.Debug|Any CPU.ActiveCfg = Debug|iPhone
		{4A2407F3-B080-4CEF-B7EA-CDBA0CFF875B}.Debug|ARM.ActiveCfg = Debug|iPhone
		{4A2407F3-B080-4CEF-B7EA-CDBA0CFF875B}.Debug|iPhone.ActiveCfg = Debug|iPhone
		{4A2407F3-B080-4CEF-B7EA-CDBA0CFF875B}.Debug|iPhone.Build.0 = Debug|iPhone
		{4A2407F3-B080-4CEF-B7EA-CDBA0CFF875B}.Debug|iPhoneSimulator.ActiveCfg = Debug|iPhoneSimulator
		{4A2407F3-B080-4CEF-B7EA-CDBA0CFF875B}.Debug|iPhoneSimulator.Build.0 = Debug|iPhoneSimulator
		{4A2407F3-B080-4CEF-B7EA-CDBA0CFF875B}.Debug|x64.ActiveCfg = Debug|iPhone
		{4A2407F3-B080-4CEF-B7EA-CDBA0CFF875B}.Debug|x86.ActiveCfg = Debug|iPhone
		{4A2407F3-B080-4CEF-B7EA-CDBA0CFF875B}.Release|Any CPU.ActiveCfg = Release|iPhone
		{4A2407F3-B080-4CEF-B7EA-CDBA0CFF875B}.Release|ARM.ActiveCfg = Release|iPhone
		{4A2407F3-B080-4CEF-B7EA-CDBA0CFF875B}.Release|iPhone.ActiveCfg = Release|iPhone
		{4A2407F3-B080-4CEF-B7EA-CDBA0CFF875B}.Release|iPhone.Build.0 = Release|iPhone
		{4A2407F3-B080-4CEF-B7EA-CDBA0CFF875B}.Release|iPhoneSimulator.ActiveCfg = Release|iPhoneSimulator
		{4A2407F3-B080-4CEF-B7EA-CDBA0CFF875B}.Release|iPhoneSimulator.Build.0 = Release|iPhoneSimulator
		{4A2407F3-B080-4CEF-B7EA-CDBA0CFF875B}.Release|x64.ActiveCfg = Release|iPhone
		{4A2407F3-B080-4CEF-B7EA-CDBA0CFF875B}.Release|x86.ActiveCfg = Release|iPhone
	EndGlobalSection
	GlobalSection(SolutionProperties) = preSolution
		HideSolutionNode = FALSE
	EndGlobalSection
	GlobalSection(ExtensibilityGlobals) = postSolution
		SolutionGuid = {0DF45D86-EDA0-43C3-AF7B-42EEFABEACB2}
	EndGlobalSection
EndGlobal
