
Microsoft Visual Studio Solution File, Format Version 12.00
# Visual Studio 15
VisualStudioVersion = 15.0.26730.16
MinimumVisualStudioVersion = 10.0.40219.1
Project("{FAE04EC0-301F-11D3-BF4B-00C04F79EFBC}") = "DroneLander.Android", "DroneLander\DroneLander.Android\DroneLander.Android.csproj", "{7191C22F-9D53-4FB4-AE6E-CB0B1955B7B0}"
EndProject
Project("{FAE04EC0-301F-11D3-BF4B-00C04F79EFBC}") = "DroneLander", "DroneLander\DroneLander\DroneLander.csproj", "{9BEFD4E2-1080-4731-89ED-C919714C5334}"
EndProject
Project("{FAE04EC0-301F-11D3-BF4B-00C04F79EFBC}") = "DroneLander.UWP", "DroneLander\DroneLander.UWP\DroneLander.UWP.csproj", "{F3427B8F-F64F-41B6-9225-EE47B2C736A5}"
EndProject
Project("{FAE04EC0-301F-11D3-BF4B-00C04F79EFBC}") = "DroneLander.iOS", "DroneLander\DroneLander.iOS\DroneLander.iOS.csproj", "{569FA6EC-D3B3-4E29-8CBE-3CBD40FFC02A}"
EndProject
Global
	GlobalSection(SolutionConfigurationPlatforms) = preSolution
		Ad-Hoc|Any CPU = Ad-Hoc|Any CPU
		Ad-Hoc|ARM = Ad-Hoc|ARM
		Ad-Hoc|iPhone = Ad-Hoc|iPhone
		Ad-Hoc|iPhoneSimulator = Ad-Hoc|iPhoneSimulator
		Ad-Hoc|x64 = Ad-Hoc|x64
		Ad-Hoc|x86 = Ad-Hoc|x86
		AppStore|Any CPU = AppStore|Any CPU
		AppStore|ARM = AppStore|ARM
		AppStore|iPhone = AppStore|iPhone
		AppStore|iPhoneSimulator = AppStore|iPhoneSimulator
		AppStore|x64 = AppStore|x64
		AppStore|x86 = AppStore|x86
		Debug|Any CPU = Debug|Any CPU
		Debug|ARM = Debug|ARM
		Debug|iPhone = Debug|iPhone
		Debug|iPhoneSimulator = Debug|iPhoneSimulator
		Debug|x64 = Debug|x64
		Debug|x86 = Debug|x86
		Release|Any CPU = Release|Any CPU
		Release|ARM = Release|ARM
		Release|iPhone = Release|iPhone
		Release|iPhoneSimulator = Release|iPhoneSimulator
		Release|x64 = Release|x64
		Release|x86 = Release|x86
	EndGlobalSection
	GlobalSection(ProjectConfigurationPlatforms) = postSolution
		{7191C22F-9D53-4FB4-AE6E-CB0B1955B7B0}.Ad-Hoc|Any CPU.ActiveCfg = Release|Any CPU
		{7191C22F-9D53-4FB4-AE6E-CB0B1955B7B0}.Ad-Hoc|Any CPU.Build.0 = Release|Any CPU
		{7191C22F-9D53-4FB4-AE6E-CB0B1955B7B0}.Ad-Hoc|Any CPU.Deploy.0 = Release|Any CPU
		{7191C22F-9D53-4FB4-AE6E-CB0B1955B7B0}.Ad-Hoc|ARM.ActiveCfg = Release|Any CPU
		{7191C22F-9D53-4FB4-AE6E-CB0B1955B7B0}.Ad-Hoc|ARM.Build.0 = Release|Any CPU
		{7191C22F-9D53-4FB4-AE6E-CB0B1955B7B0}.Ad-Hoc|ARM.Deploy.0 = Release|Any CPU
		{7191C22F-9D53-4FB4-AE6E-CB0B1955B7B0}.Ad-Hoc|iPhone.ActiveCfg = Release|Any CPU
		{7191C22F-9D53-4FB4-AE6E-CB0B1955B7B0}.Ad-Hoc|iPhone.Build.0 = Release|Any CPU
		{7191C22F-9D53-4FB4-AE6E-CB0B1955B7B0}.Ad-Hoc|iPhone.Deploy.0 = Release|Any CPU
		{7191C22F-9D53-4FB4-AE6E-CB0B1955B7B0}.Ad-Hoc|iPhoneSimulator.ActiveCfg = Release|Any CPU
		{7191C22F-9D53-4FB4-AE6E-CB0B1955B7B0}.Ad-Hoc|iPhoneSimulator.Build.0 = Release|Any CPU
		{7191C22F-9D53-4FB4-AE6E-CB0B1955B7B0}.Ad-Hoc|iPhoneSimulator.Deploy.0 = Release|Any CPU
		{7191C22F-9D53-4FB4-AE6E-CB0B1955B7B0}.Ad-Hoc|x64.ActiveCfg = Release|Any CPU
		{7191C22F-9D53-4FB4-AE6E-CB0B1955B7B0}.Ad-Hoc|x64.Build.0 = Release|Any CPU
		{7191C22F-9D53-4FB4-AE6E-CB0B1955B7B0}.Ad-Hoc|x64.Deploy.0 = Release|Any CPU
		{7191C22F-9D53-4FB4-AE6E-CB0B1955B7B0}.Ad-Hoc|x86.ActiveCfg = Release|Any CPU
		{7191C22F-9D53-4FB4-AE6E-CB0B1955B7B0}.Ad-Hoc|x86.Build.0 = Release|Any CPU
		{7191C22F-9D53-4FB4-AE6E-CB0B1955B7B0}.Ad-Hoc|x86.Deploy.0 = Release|Any CPU
		{7191C22F-9D53-4FB4-AE6E-CB0B1955B7B0}.AppStore|Any CPU.ActiveCfg = Release|Any CPU
		{7191C22F-9D53-4FB4-AE6E-CB0B1955B7B0}.AppStore|Any CPU.Build.0 = Release|Any CPU
		{7191C22F-9D53-4FB4-AE6E-CB0B1955B7B0}.AppStore|Any CPU.Deploy.0 = Release|Any CPU
		{7191C22F-9D53-4FB4-AE6E-CB0B1955B7B0}.AppStore|ARM.ActiveCfg = Release|Any CPU
		{7191C22F-9D53-4FB4-AE6E-CB0B1955B7B0}.AppStore|ARM.Build.0 = Release|Any CPU
		{7191C22F-9D53-4FB4-AE6E-CB0B1955B7B0}.AppStore|ARM.Deploy.0 = Release|Any CPU
		{7191C22F-9D53-4FB4-AE6E-CB0B1955B7B0}.AppStore|iPhone.ActiveCfg = Release|Any CPU
		{7191C22F-9D53-4FB4-AE6E-CB0B1955B7B0}.AppStore|iPhone.Build.0 = Release|Any CPU
		{7191C22F-9D53-4FB4-AE6E-CB0B1955B7B0}.AppStore|iPhone.Deploy.0 = Release|Any CPU
		{7191C22F-9D53-4FB4-AE6E-CB0B1955B7B0}.AppStore|iPhoneSimulator.ActiveCfg = Release|Any CPU
		{7191C22F-9D53-4FB4-AE6E-CB0B1955B7B0}.AppStore|iPhoneSimulator.Build.0 = Release|Any CPU
		{7191C22F-9D53-4FB4-AE6E-CB0B1955B7B0}.AppStore|iPhoneSimulator.Deploy.0 = Release|Any CPU
		{7191C22F-9D53-4FB4-AE6E-CB0B1955B7B0}.AppStore|x64.ActiveCfg = Release|Any CPU
		{7191C22F-9D53-4FB4-AE6E-CB0B1955B7B0}.AppStore|x64.Build.0 = Release|Any CPU
		{7191C22F-9D53-4FB4-AE6E-CB0B1955B7B0}.AppStore|x64.Deploy.0 = Release|Any CPU
		{7191C22F-9D53-4FB4-AE6E-CB0B1955B7B0}.AppStore|x86.ActiveCfg = Release|Any CPU
		{7191C22F-9D53-4FB4-AE6E-CB0B1955B7B0}.AppStore|x86.Build.0 = Release|Any CPU
		{7191C22F-9D53-4FB4-AE6E-CB0B1955B7B0}.AppStore|x86.Deploy.0 = Release|Any CPU
		{7191C22F-9D53-4FB4-AE6E-CB0B1955B7B0}.Debug|Any CPU.ActiveCfg = Debug|Any CPU
		{7191C22F-9D53-4FB4-AE6E-CB0B1955B7B0}.Debug|Any CPU.Build.0 = Debug|Any CPU
		{7191C22F-9D53-4FB4-AE6E-CB0B1955B7B0}.Debug|Any CPU.Deploy.0 = Debug|Any CPU
		{7191C22F-9D53-4FB4-AE6E-CB0B1955B7B0}.Debug|ARM.ActiveCfg = Debug|Any CPU
		{7191C22F-9D53-4FB4-AE6E-CB0B1955B7B0}.Debug|ARM.Build.0 = Debug|Any CPU
		{7191C22F-9D53-4FB4-AE6E-CB0B1955B7B0}.Debug|ARM.Deploy.0 = Debug|Any CPU
		{7191C22F-9D53-4FB4-AE6E-CB0B1955B7B0}.Debug|iPhone.ActiveCfg = Debug|Any CPU
		{7191C22F-9D53-4FB4-AE6E-CB0B1955B7B0}.Debug|iPhone.Build.0 = Debug|Any CPU
		{7191C22F-9D53-4FB4-AE6E-CB0B1955B7B0}.Debug|iPhone.Deploy.0 = Debug|Any CPU
		{7191C22F-9D53-4FB4-AE6E-CB0B1955B7B0}.Debug|iPhoneSimulator.ActiveCfg = Debug|Any CPU
		{7191C22F-9D53-4FB4-AE6E-CB0B1955B7B0}.Debug|iPhoneSimulator.Build.0 = Debug|Any CPU
		{7191C22F-9D53-4FB4-AE6E-CB0B1955B7B0}.Debug|iPhoneSimulator.Deploy.0 = Debug|Any CPU
		{7191C22F-9D53-4FB4-AE6E-CB0B1955B7B0}.Debug|x64.ActiveCfg = Debug|Any CPU
		{7191C22F-9D53-4FB4-AE6E-CB0B1955B7B0}.Debug|x64.Build.0 = Debug|Any CPU
		{7191C22F-9D53-4FB4-AE6E-CB0B1955B7B0}.Debug|x64.Deploy.0 = Debug|Any CPU
		{7191C22F-9D53-4FB4-AE6E-CB0B1955B7B0}.Debug|x86.ActiveCfg = Debug|Any CPU
		{7191C22F-9D53-4FB4-AE6E-CB0B1955B7B0}.Debug|x86.Build.0 = Debug|Any CPU
		{7191C22F-9D53-4FB4-AE6E-CB0B1955B7B0}.Debug|x86.Deploy.0 = Debug|Any CPU
		{7191C22F-9D53-4FB4-AE6E-CB0B1955B7B0}.Release|Any CPU.ActiveCfg = Release|Any CPU
		{7191C22F-9D53-4FB4-AE6E-CB0B1955B7B0}.Release|Any CPU.Build.0 = Release|Any CPU
		{7191C22F-9D53-4FB4-AE6E-CB0B1955B7B0}.Release|Any CPU.Deploy.0 = Release|Any CPU
		{7191C22F-9D53-4FB4-AE6E-CB0B1955B7B0}.Release|ARM.ActiveCfg = Release|Any CPU
		{7191C22F-9D53-4FB4-AE6E-CB0B1955B7B0}.Release|ARM.Build.0 = Release|Any CPU
		{7191C22F-9D53-4FB4-AE6E-CB0B1955B7B0}.Release|ARM.Deploy.0 = Release|Any CPU
		{7191C22F-9D53-4FB4-AE6E-CB0B1955B7B0}.Release|iPhone.ActiveCfg = Release|Any CPU
		{7191C22F-9D53-4FB4-AE6E-CB0B1955B7B0}.Release|iPhone.Build.0 = Release|Any CPU
		{7191C22F-9D53-4FB4-AE6E-CB0B1955B7B0}.Release|iPhone.Deploy.0 = Release|Any CPU
		{7191C22F-9D53-4FB4-AE6E-CB0B1955B7B0}.Release|iPhoneSimulator.ActiveCfg = Release|Any CPU
		{7191C22F-9D53-4FB4-AE6E-CB0B1955B7B0}.Release|iPhoneSimulator.Build.0 = Release|Any CPU
		{7191C22F-9D53-4FB4-AE6E-CB0B1955B7B0}.Release|iPhoneSimulator.Deploy.0 = Release|Any CPU
		{7191C22F-9D53-4FB4-AE6E-CB0B1955B7B0}.Release|x64.ActiveCfg = Release|Any CPU
		{7191C22F-9D53-4FB4-AE6E-CB0B1955B7B0}.Release|x64.Build.0 = Release|Any CPU
		{7191C22F-9D53-4FB4-AE6E-CB0B1955B7B0}.Release|x64.Deploy.0 = Release|Any CPU
		{7191C22F-9D53-4FB4-AE6E-CB0B1955B7B0}.Release|x86.ActiveCfg = Release|Any CPU
		{7191C22F-9D53-4FB4-AE6E-CB0B1955B7B0}.Release|x86.Build.0 = Release|Any CPU
		{7191C22F-9D53-4FB4-AE6E-CB0B1955B7B0}.Release|x86.Deploy.0 = Release|Any CPU
		{9BEFD4E2-1080-4731-89ED-C919714C5334}.Ad-Hoc|Any CPU.ActiveCfg = Release|Any CPU
		{9BEFD4E2-1080-4731-89ED-C919714C5334}.Ad-Hoc|Any CPU.Build.0 = Release|Any CPU
		{9BEFD4E2-1080-4731-89ED-C919714C5334}.Ad-Hoc|ARM.ActiveCfg = Release|Any CPU
		{9BEFD4E2-1080-4731-89ED-C919714C5334}.Ad-Hoc|ARM.Build.0 = Release|Any CPU
		{9BEFD4E2-1080-4731-89ED-C919714C5334}.Ad-Hoc|iPhone.ActiveCfg = Release|Any CPU
		{9BEFD4E2-1080-4731-89ED-C919714C5334}.Ad-Hoc|iPhone.Build.0 = Release|Any CPU
		{9BEFD4E2-1080-4731-89ED-C919714C5334}.Ad-Hoc|iPhoneSimulator.ActiveCfg = Release|Any CPU
		{9BEFD4E2-1080-4731-89ED-C919714C5334}.Ad-Hoc|iPhoneSimulator.Build.0 = Release|Any CPU
		{9BEFD4E2-1080-4731-89ED-C919714C5334}.Ad-Hoc|x64.ActiveCfg = Release|Any CPU
		{9BEFD4E2-1080-4731-89ED-C919714C5334}.Ad-Hoc|x64.Build.0 = Release|Any CPU
		{9BEFD4E2-1080-4731-89ED-C919714C5334}.Ad-Hoc|x86.ActiveCfg = Release|Any CPU
		{9BEFD4E2-1080-4731-89ED-C919714C5334}.Ad-Hoc|x86.Build.0 = Release|Any CPU
		{9BEFD4E2-1080-4731-89ED-C919714C5334}.AppStore|Any CPU.ActiveCfg = Release|Any CPU
		{9BEFD4E2-1080-4731-89ED-C919714C5334}.AppStore|Any CPU.Build.0 = Release|Any CPU
		{9BEFD4E2-1080-4731-89ED-C919714C5334}.AppStore|ARM.ActiveCfg = Release|Any CPU
		{9BEFD4E2-1080-4731-89ED-C919714C5334}.AppStore|ARM.Build.0 = Release|Any CPU
		{9BEFD4E2-1080-4731-89ED-C919714C5334}.AppStore|iPhone.ActiveCfg = Release|Any CPU
		{9BEFD4E2-1080-4731-89ED-C919714C5334}.AppStore|iPhone.Build.0 = Release|Any CPU
		{9BEFD4E2-1080-4731-89ED-C919714C5334}.AppStore|iPhoneSimulator.ActiveCfg = Release|Any CPU
		{9BEFD4E2-1080-4731-89ED-C919714C5334}.AppStore|iPhoneSimulator.Build.0 = Release|Any CPU
		{9BEFD4E2-1080-4731-89ED-C919714C5334}.AppStore|x64.ActiveCfg = Release|Any CPU
		{9BEFD4E2-1080-4731-89ED-C919714C5334}.AppStore|x64.Build.0 = Release|Any CPU
		{9BEFD4E2-1080-4731-89ED-C919714C5334}.AppStore|x86.ActiveCfg = Release|Any CPU
		{9BEFD4E2-1080-4731-89ED-C919714C5334}.AppStore|x86.Build.0 = Release|Any CPU
		{9BEFD4E2-1080-4731-89ED-C919714C5334}.Debug|Any CPU.ActiveCfg = Debug|Any CPU
		{9BEFD4E2-1080-4731-89ED-C919714C5334}.Debug|Any CPU.Build.0 = Debug|Any CPU
		{9BEFD4E2-1080-4731-89ED-C919714C5334}.Debug|ARM.ActiveCfg = Debug|Any CPU
		{9BEFD4E2-1080-4731-89ED-C919714C5334}.Debug|ARM.Build.0 = Debug|Any CPU
		{9BEFD4E2-1080-4731-89ED-C919714C5334}.Debug|iPhone.ActiveCfg = Debug|Any CPU
		{9BEFD4E2-1080-4731-89ED-C919714C5334}.Debug|iPhone.Build.0 = Debug|Any CPU
		{9BEFD4E2-1080-4731-89ED-C919714C5334}.Debug|iPhoneSimulator.ActiveCfg = Debug|Any CPU
		{9BEFD4E2-1080-4731-89ED-C919714C5334}.Debug|iPhoneSimulator.Build.0 = Debug|Any CPU
		{9BEFD4E2-1080-4731-89ED-C919714C5334}.Debug|x64.ActiveCfg = Debug|Any CPU
		{9BEFD4E2-1080-4731-89ED-C919714C5334}.Debug|x64.Build.0 = Debug|Any CPU
		{9BEFD4E2-1080-4731-89ED-C919714C5334}.Debug|x86.ActiveCfg = Debug|Any CPU
		{9BEFD4E2-1080-4731-89ED-C919714C5334}.Debug|x86.Build.0 = Debug|Any CPU
		{9BEFD4E2-1080-4731-89ED-C919714C5334}.Release|Any CPU.ActiveCfg = Release|Any CPU
		{9BEFD4E2-1080-4731-89ED-C919714C5334}.Release|Any CPU.Build.0 = Release|Any CPU
		{9BEFD4E2-1080-4731-89ED-C919714C5334}.Release|ARM.ActiveCfg = Release|Any CPU
		{9BEFD4E2-1080-4731-89ED-C919714C5334}.Release|ARM.Build.0 = Release|Any CPU
		{9BEFD4E2-1080-4731-89ED-C919714C5334}.Release|iPhone.ActiveCfg = Release|Any CPU
		{9BEFD4E2-1080-4731-89ED-C919714C5334}.Release|iPhone.Build.0 = Release|Any CPU
		{9BEFD4E2-1080-4731-89ED-C919714C5334}.Release|iPhoneSimulator.ActiveCfg = Release|Any CPU
		{9BEFD4E2-1080-4731-89ED-C919714C5334}.Release|iPhoneSimulator.Build.0 = Release|Any CPU
		{9BEFD4E2-1080-4731-89ED-C919714C5334}.Release|x64.ActiveCfg = Release|Any CPU
		{9BEFD4E2-1080-4731-89ED-C919714C5334}.Release|x64.Build.0 = Release|Any CPU
		{9BEFD4E2-1080-4731-89ED-C919714C5334}.Release|x86.ActiveCfg = Release|Any CPU
		{9BEFD4E2-1080-4731-89ED-C919714C5334}.Release|x86.Build.0 = Release|Any CPU
		{F3427B8F-F64F-41B6-9225-EE47B2C736A5}.Ad-Hoc|Any CPU.ActiveCfg = Release|x86
		{F3427B8F-F64F-41B6-9225-EE47B2C736A5}.Ad-Hoc|Any CPU.Build.0 = Release|x86
		{F3427B8F-F64F-41B6-9225-EE47B2C736A5}.Ad-Hoc|Any CPU.Deploy.0 = Release|x86
		{F3427B8F-F64F-41B6-9225-EE47B2C736A5}.Ad-Hoc|ARM.ActiveCfg = Release|ARM
		{F3427B8F-F64F-41B6-9225-EE47B2C736A5}.Ad-Hoc|ARM.Build.0 = Release|ARM
		{F3427B8F-F64F-41B6-9225-EE47B2C736A5}.Ad-Hoc|ARM.Deploy.0 = Release|ARM
		{F3427B8F-F64F-41B6-9225-EE47B2C736A5}.Ad-Hoc|iPhone.ActiveCfg = Release|x86
		{F3427B8F-F64F-41B6-9225-EE47B2C736A5}.Ad-Hoc|iPhone.Build.0 = Release|x86
		{F3427B8F-F64F-41B6-9225-EE47B2C736A5}.Ad-Hoc|iPhone.Deploy.0 = Release|x86
		{F3427B8F-F64F-41B6-9225-EE47B2C736A5}.Ad-Hoc|iPhoneSimulator.ActiveCfg = Release|x86
		{F3427B8F-F64F-41B6-9225-EE47B2C736A5}.Ad-Hoc|iPhoneSimulator.Build.0 = Release|x86
		{F3427B8F-F64F-41B6-9225-EE47B2C736A5}.Ad-Hoc|iPhoneSimulator.Deploy.0 = Release|x86
		{F3427B8F-F64F-41B6-9225-EE47B2C736A5}.Ad-Hoc|x64.ActiveCfg = Release|x64
		{F3427B8F-F64F-41B6-9225-EE47B2C736A5}.Ad-Hoc|x64.Build.0 = Release|x64
		{F3427B8F-F64F-41B6-9225-EE47B2C736A5}.Ad-Hoc|x64.Deploy.0 = Release|x64
		{F3427B8F-F64F-41B6-9225-EE47B2C736A5}.Ad-Hoc|x86.ActiveCfg = Release|x86
		{F3427B8F-F64F-41B6-9225-EE47B2C736A5}.Ad-Hoc|x86.Build.0 = Release|x86
		{F3427B8F-F64F-41B6-9225-EE47B2C736A5}.Ad-Hoc|x86.Deploy.0 = Release|x86
		{F3427B8F-F64F-41B6-9225-EE47B2C736A5}.AppStore|Any CPU.ActiveCfg = Release|x86
		{F3427B8F-F64F-41B6-9225-EE47B2C736A5}.AppStore|Any CPU.Build.0 = Release|x86
		{F3427B8F-F64F-41B6-9225-EE47B2C736A5}.AppStore|Any CPU.Deploy.0 = Release|x86
		{F3427B8F-F64F-41B6-9225-EE47B2C736A5}.AppStore|ARM.ActiveCfg = Release|ARM
		{F3427B8F-F64F-41B6-9225-EE47B2C736A5}.AppStore|ARM.Build.0 = Release|ARM
		{F3427B8F-F64F-41B6-9225-EE47B2C736A5}.AppStore|ARM.Deploy.0 = Release|ARM
		{F3427B8F-F64F-41B6-9225-EE47B2C736A5}.AppStore|iPhone.ActiveCfg = Release|x86
		{F3427B8F-F64F-41B6-9225-EE47B2C736A5}.AppStore|iPhone.Build.0 = Release|x86
		{F3427B8F-F64F-41B6-9225-EE47B2C736A5}.AppStore|iPhone.Deploy.0 = Release|x86
		{F3427B8F-F64F-41B6-9225-EE47B2C736A5}.AppStore|iPhoneSimulator.ActiveCfg = Release|x86
		{F3427B8F-F64F-41B6-9225-EE47B2C736A5}.AppStore|iPhoneSimulator.Build.0 = Release|x86
		{F3427B8F-F64F-41B6-9225-EE47B2C736A5}.AppStore|iPhoneSimulator.Deploy.0 = Release|x86
		{F3427B8F-F64F-41B6-9225-EE47B2C736A5}.AppStore|x64.ActiveCfg = Release|x64
		{F3427B8F-F64F-41B6-9225-EE47B2C736A5}.AppStore|x64.Build.0 = Release|x64
		{F3427B8F-F64F-41B6-9225-EE47B2C736A5}.AppStore|x64.Deploy.0 = Release|x64
		{F3427B8F-F64F-41B6-9225-EE47B2C736A5}.AppStore|x86.ActiveCfg = Release|x86
		{F3427B8F-F64F-41B6-9225-EE47B2C736A5}.AppStore|x86.Build.0 = Release|x86
		{F3427B8F-F64F-41B6-9225-EE47B2C736A5}.AppStore|x86.Deploy.0 = Release|x86
		{F3427B8F-F64F-41B6-9225-EE47B2C736A5}.Debug|Any CPU.ActiveCfg = Debug|x86
		{F3427B8F-F64F-41B6-9225-EE47B2C736A5}.Debug|ARM.ActiveCfg = Debug|ARM
		{F3427B8F-F64F-41B6-9225-EE47B2C736A5}.Debug|ARM.Build.0 = Debug|ARM
		{F3427B8F-F64F-41B6-9225-EE47B2C736A5}.Debug|ARM.Deploy.0 = Debug|ARM
		{F3427B8F-F64F-41B6-9225-EE47B2C736A5}.Debug|iPhone.ActiveCfg = Debug|x86
		{F3427B8F-F64F-41B6-9225-EE47B2C736A5}.Debug|iPhoneSimulator.ActiveCfg = Debug|x86
		{F3427B8F-F64F-41B6-9225-EE47B2C736A5}.Debug|x64.ActiveCfg = Debug|x64
		{F3427B8F-F64F-41B6-9225-EE47B2C736A5}.Debug|x64.Build.0 = Debug|x64
		{F3427B8F-F64F-41B6-9225-EE47B2C736A5}.Debug|x64.Deploy.0 = Debug|x64
		{F3427B8F-F64F-41B6-9225-EE47B2C736A5}.Debug|x86.ActiveCfg = Debug|x86
		{F3427B8F-F64F-41B6-9225-EE47B2C736A5}.Debug|x86.Build.0 = Debug|x86
		{F3427B8F-F64F-41B6-9225-EE47B2C736A5}.Debug|x86.Deploy.0 = Debug|x86
		{F3427B8F-F64F-41B6-9225-EE47B2C736A5}.Release|Any CPU.ActiveCfg = Release|x86
		{F3427B8F-F64F-41B6-9225-EE47B2C736A5}.Release|ARM.ActiveCfg = Release|ARM
		{F3427B8F-F64F-41B6-9225-EE47B2C736A5}.Release|ARM.Build.0 = Release|ARM
		{F3427B8F-F64F-41B6-9225-EE47B2C736A5}.Release|ARM.Deploy.0 = Release|ARM
		{F3427B8F-F64F-41B6-9225-EE47B2C736A5}.Release|iPhone.ActiveCfg = Release|x86
		{F3427B8F-F64F-41B6-9225-EE47B2C736A5}.Release|iPhoneSimulator.ActiveCfg = Release|x86
		{F3427B8F-F64F-41B6-9225-EE47B2C736A5}.Release|x64.ActiveCfg = Release|x64
		{F3427B8F-F64F-41B6-9225-EE47B2C736A5}.Release|x64.Build.0 = Release|x64
		{F3427B8F-F64F-41B6-9225-EE47B2C736A5}.Release|x64.Deploy.0 = Release|x64
		{F3427B8F-F64F-41B6-9225-EE47B2C736A5}.Release|x86.ActiveCfg = Release|x86
		{F3427B8F-F64F-41B6-9225-EE47B2C736A5}.Release|x86.Build.0 = Release|x86
		{F3427B8F-F64F-41B6-9225-EE47B2C736A5}.Release|x86.Deploy.0 = Release|x86
		{569FA6EC-D3B3-4E29-8CBE-3CBD40FFC02A}.Ad-Hoc|Any CPU.ActiveCfg = Ad-Hoc|iPhone
		{569FA6EC-D3B3-4E29-8CBE-3CBD40FFC02A}.Ad-Hoc|ARM.ActiveCfg = Ad-Hoc|iPhone
		{569FA6EC-D3B3-4E29-8CBE-3CBD40FFC02A}.Ad-Hoc|iPhone.ActiveCfg = Ad-Hoc|iPhone
		{569FA6EC-D3B3-4E29-8CBE-3CBD40FFC02A}.Ad-Hoc|iPhone.Build.0 = Ad-Hoc|iPhone
		{569FA6EC-D3B3-4E29-8CBE-3CBD40FFC02A}.Ad-Hoc|iPhoneSimulator.ActiveCfg = Ad-Hoc|iPhoneSimulator
		{569FA6EC-D3B3-4E29-8CBE-3CBD40FFC02A}.Ad-Hoc|iPhoneSimulator.Build.0 = Ad-Hoc|iPhoneSimulator
		{569FA6EC-D3B3-4E29-8CBE-3CBD40FFC02A}.Ad-Hoc|x64.ActiveCfg = Ad-Hoc|iPhone
		{569FA6EC-D3B3-4E29-8CBE-3CBD40FFC02A}.Ad-Hoc|x86.ActiveCfg = Ad-Hoc|iPhone
		{569FA6EC-D3B3-4E29-8CBE-3CBD40FFC02A}.AppStore|Any CPU.ActiveCfg = AppStore|iPhone
		{569FA6EC-D3B3-4E29-8CBE-3CBD40FFC02A}.AppStore|ARM.ActiveCfg = AppStore|iPhone
		{569FA6EC-D3B3-4E29-8CBE-3CBD40FFC02A}.AppStore|iPhone.ActiveCfg = AppStore|iPhone
		{569FA6EC-D3B3-4E29-8CBE-3CBD40FFC02A}.AppStore|iPhone.Build.0 = AppStore|iPhone
		{569FA6EC-D3B3-4E29-8CBE-3CBD40FFC02A}.AppStore|iPhoneSimulator.ActiveCfg = AppStore|iPhoneSimulator
		{569FA6EC-D3B3-4E29-8CBE-3CBD40FFC02A}.AppStore|iPhoneSimulator.Build.0 = AppStore|iPhoneSimulator
		{569FA6EC-D3B3-4E29-8CBE-3CBD40FFC02A}.AppStore|x64.ActiveCfg = AppStore|iPhone
		{569FA6EC-D3B3-4E29-8CBE-3CBD40FFC02A}.AppStore|x86.ActiveCfg = AppStore|iPhone
		{569FA6EC-D3B3-4E29-8CBE-3CBD40FFC02A}.Debug|Any CPU.ActiveCfg = Debug|iPhone
		{569FA6EC-D3B3-4E29-8CBE-3CBD40FFC02A}.Debug|ARM.ActiveCfg = Debug|iPhone
		{569FA6EC-D3B3-4E29-8CBE-3CBD40FFC02A}.Debug|iPhone.ActiveCfg = Debug|iPhone
		{569FA6EC-D3B3-4E29-8CBE-3CBD40FFC02A}.Debug|iPhone.Build.0 = Debug|iPhone
		{569FA6EC-D3B3-4E29-8CBE-3CBD40FFC02A}.Debug|iPhoneSimulator.ActiveCfg = Debug|iPhoneSimulator
		{569FA6EC-D3B3-4E29-8CBE-3CBD40FFC02A}.Debug|iPhoneSimulator.Build.0 = Debug|iPhoneSimulator
		{569FA6EC-D3B3-4E29-8CBE-3CBD40FFC02A}.Debug|x64.ActiveCfg = Debug|iPhone
		{569FA6EC-D3B3-4E29-8CBE-3CBD40FFC02A}.Debug|x86.ActiveCfg = Debug|iPhone
		{569FA6EC-D3B3-4E29-8CBE-3CBD40FFC02A}.Release|Any CPU.ActiveCfg = Release|iPhone
		{569FA6EC-D3B3-4E29-8CBE-3CBD40FFC02A}.Release|ARM.ActiveCfg = Release|iPhone
		{569FA6EC-D3B3-4E29-8CBE-3CBD40FFC02A}.Release|iPhone.ActiveCfg = Release|iPhone
		{569FA6EC-D3B3-4E29-8CBE-3CBD40FFC02A}.Release|iPhone.Build.0 = Release|iPhone
		{569FA6EC-D3B3-4E29-8CBE-3CBD40FFC02A}.Release|iPhoneSimulator.ActiveCfg = Release|iPhoneSimulator
		{569FA6EC-D3B3-4E29-8CBE-3CBD40FFC02A}.Release|iPhoneSimulator.Build.0 = Release|iPhoneSimulator
		{569FA6EC-D3B3-4E29-8CBE-3CBD40FFC02A}.Release|x64.ActiveCfg = Release|iPhone
		{569FA6EC-D3B3-4E29-8CBE-3CBD40FFC02A}.Release|x86.ActiveCfg = Release|iPhone
	EndGlobalSection
	GlobalSection(SolutionProperties) = preSolution
		HideSolutionNode = FALSE
	EndGlobalSection
	GlobalSection(ExtensibilityGlobals) = postSolution
		SolutionGuid = {A045CE22-02BE-4E2F-8DBD-8E2DA5799745}
	EndGlobalSection
EndGlobal
